// !$*UTF8*$!
{
	archiveVersion = 1;
	classes = {
	};
	objectVersion = 48;
	objects = {

/* Begin PBXBuildFile section */
		A525DFFD405F107B16F19C59 /* libPods-TranslateDemo.a in Frameworks */ = {isa = PBXBuildFile; fileRef = 9F169CB46211404B4C63FBDD /* libPods-TranslateDemo.a */; };
		B92565A1201833CD00725305 /* QCYBle.m in Sources */ = {isa = PBXBuildFile; fileRef = B92565A0201833CD00725305 /* QCYBle.m */; };
		B92565A420183C4400725305 /* QCYEarphone.m in Sources */ = {isa = PBXBuildFile; fileRef = B92565A320183C4400725305 /* QCYEarphone.m */; };
		B97005642025584D0095A3B4 /* iflyMSC.framework in Frameworks */ = {isa = PBXBuildFile; fileRef = B97005632025584D0095A3B4 /* iflyMSC.framework */; };
		B9700566202558900095A3B4 /* libz.tbd in Frameworks */ = {isa = PBXBuildFile; fileRef = B9700565202558900095A3B4 /* libz.tbd */; };
		B97005682025589B0095A3B4 /* AVFoundation.framework in Frameworks */ = {isa = PBXBuildFile; fileRef = B97005672025589B0095A3B4 /* AVFoundation.framework */; };
		B970056A202558AC0095A3B4 /* SystemConfiguration.framework in Frameworks */ = {isa = PBXBuildFile; fileRef = B9700569202558AC0095A3B4 /* SystemConfiguration.framework */; };
		B970056C202558B50095A3B4 /* Foundation.framework in Frameworks */ = {isa = PBXBuildFile; fileRef = B970056B202558B50095A3B4 /* Foundation.framework */; };
		B970056E202558C40095A3B4 /* CoreTelephony.framework in Frameworks */ = {isa = PBXBuildFile; fileRef = B970056D202558C40095A3B4 /* CoreTelephony.framework */; };
		B9700570202558CD0095A3B4 /* AudioToolbox.framework in Frameworks */ = {isa = PBXBuildFile; fileRef = B970056F202558CD0095A3B4 /* AudioToolbox.framework */; };
		B9700572202558D40095A3B4 /* UIKit.framework in Frameworks */ = {isa = PBXBuildFile; fileRef = B9700571202558D30095A3B4 /* UIKit.framework */; };
		B9700574202558DA0095A3B4 /* CoreLocation.framework in Frameworks */ = {isa = PBXBuildFile; fileRef = B9700573202558DA0095A3B4 /* CoreLocation.framework */; };
		B9700576202558E10095A3B4 /* Contacts.framework in Frameworks */ = {isa = PBXBuildFile; fileRef = B9700575202558E10095A3B4 /* Contacts.framework */; };
		B9700578202558ED0095A3B4 /* AddressBook.framework in Frameworks */ = {isa = PBXBuildFile; fileRef = B9700577202558ED0095A3B4 /* AddressBook.framework */; };
		B970057A202558F40095A3B4 /* QuartzCore.framework in Frameworks */ = {isa = PBXBuildFile; fileRef = B9700579202558F40095A3B4 /* QuartzCore.framework */; };
		B970057C202558FB0095A3B4 /* CoreGraphics.framework in Frameworks */ = {isa = PBXBuildFile; fileRef = B970057B202558FB0095A3B4 /* CoreGraphics.framework */; };
		B970057E202559020095A3B4 /* libc++.tbd in Frameworks */ = {isa = PBXBuildFile; fileRef = B970057D202559020095A3B4 /* libc++.tbd */; };
		B9700580202559090095A3B4 /* libicucore.tbd in Frameworks */ = {isa = PBXBuildFile; fileRef = B970057F202559090095A3B4 /* libicucore.tbd */; };
		B9700588202561420095A3B4 /* IATConfig.m in Sources */ = {isa = PBXBuildFile; fileRef = B9700583202561420095A3B4 /* IATConfig.m */; };
		B970058A202561420095A3B4 /* ISRDataHelper.m in Sources */ = {isa = PBXBuildFile; fileRef = B9700587202561420095A3B4 /* ISRDataHelper.m */; };
		B970058E202565270095A3B4 /* AudioRecoder.m in Sources */ = {isa = PBXBuildFile; fileRef = B970058D202565270095A3B4 /* AudioRecoder.m */; };
		B97005A52029738D0095A3B4 /* example_online.pcm in Resources */ = {isa = PBXBuildFile; fileRef = B97005A42029738D0095A3B4 /* example_online.pcm */; };
		B97005A7202974EF0095A3B4 /* ABC.pcm in Resources */ = {isa = PBXBuildFile; fileRef = B97005A6202974EE0095A3B4 /* ABC.pcm */; };
		B97005B2202ACA7D0095A3B4 /* libAVC_Decoder.a in Frameworks */ = {isa = PBXBuildFile; fileRef = B97005B1202ACA7D0095A3B4 /* libAVC_Decoder.a */; };
		B97005B4202ACBC20095A3B4 /* 1_8_AVC_UT.enc in Resources */ = {isa = PBXBuildFile; fileRef = B97005B3202ACBC20095A3B4 /* 1_8_AVC_UT.enc */; };
		B97005B7202AD7750095A3B4 /* PCMPlayer.m in Sources */ = {isa = PBXBuildFile; fileRef = B97005B6202AD7750095A3B4 /* PCMPlayer.m */; };
		B97005BA202AEB420095A3B4 /* AVCDecoder.m in Sources */ = {isa = PBXBuildFile; fileRef = B97005B9202AEB410095A3B4 /* AVCDecoder.m */; };
		B9810768201811AC00911167 /* AppDelegate.m in Sources */ = {isa = PBXBuildFile; fileRef = B9810767201811AC00911167 /* AppDelegate.m */; };
		B981076B201811AC00911167 /* ViewController.m in Sources */ = {isa = PBXBuildFile; fileRef = B981076A201811AC00911167 /* ViewController.m */; };
		B981076E201811AC00911167 /* Main.storyboard in Resources */ = {isa = PBXBuildFile; fileRef = B981076C201811AC00911167 /* Main.storyboard */; };
		B9810771201811AC00911167 /* TranslateDemo.xcdatamodeld in Sources */ = {isa = PBXBuildFile; fileRef = B981076F201811AC00911167 /* TranslateDemo.xcdatamodeld */; };
		B9810773201811AC00911167 /* Assets.xcassets in Resources */ = {isa = PBXBuildFile; fileRef = B9810772201811AC00911167 /* Assets.xcassets */; };
		B9810776201811AC00911167 /* LaunchScreen.storyboard in Resources */ = {isa = PBXBuildFile; fileRef = B9810774201811AC00911167 /* LaunchScreen.storyboard */; };
		B9810779201811AD00911167 /* main.m in Sources */ = {isa = PBXBuildFile; fileRef = B9810778201811AD00911167 /* main.m */; };
		B981078220181A8900911167 /* BLESearchViewController.m in Sources */ = {isa = PBXBuildFile; fileRef = B981078020181A8900911167 /* BLESearchViewController.m */; };
/* End PBXBuildFile section */

/* Begin PBXFileReference section */
		9F169CB46211404B4C63FBDD /* libPods-TranslateDemo.a */ = {isa = PBXFileReference; explicitFileType = archive.ar; includeInIndex = 0; path = "libPods-TranslateDemo.a"; sourceTree = BUILT_PRODUCTS_DIR; };
		B925659F201833CD00725305 /* QCYBle.h */ = {isa = PBXFileReference; lastKnownFileType = sourcecode.c.h; path = QCYBle.h; sourceTree = "<group>"; };
		B92565A0201833CD00725305 /* QCYBle.m */ = {isa = PBXFileReference; lastKnownFileType = sourcecode.c.objc; path = QCYBle.m; sourceTree = "<group>"; };
		B92565A220183C4400725305 /* QCYEarphone.h */ = {isa = PBXFileReference; lastKnownFileType = sourcecode.c.h; path = QCYEarphone.h; sourceTree = "<group>"; };
		B92565A320183C4400725305 /* QCYEarphone.m */ = {isa = PBXFileReference; lastKnownFileType = sourcecode.c.objc; path = QCYEarphone.m; sourceTree = "<group>"; };
		B97005632025584D0095A3B4 /* iflyMSC.framework */ = {isa = PBXFileReference; lastKnownFileType = wrapper.framework; path = iflyMSC.framework; sourceTree = "<group>"; };
		B9700565202558900095A3B4 /* libz.tbd */ = {isa = PBXFileReference; lastKnownFileType = "sourcecode.text-based-dylib-definition"; name = libz.tbd; path = usr/lib/libz.tbd; sourceTree = SDKROOT; };
		B97005672025589B0095A3B4 /* AVFoundation.framework */ = {isa = PBXFileReference; lastKnownFileType = wrapper.framework; name = AVFoundation.framework; path = System/Library/Frameworks/AVFoundation.framework; sourceTree = SDKROOT; };
		B9700569202558AC0095A3B4 /* SystemConfiguration.framework */ = {isa = PBXFileReference; lastKnownFileType = wrapper.framework; name = SystemConfiguration.framework; path = System/Library/Frameworks/SystemConfiguration.framework; sourceTree = SDKROOT; };
		B970056B202558B50095A3B4 /* Foundation.framework */ = {isa = PBXFileReference; lastKnownFileType = wrapper.framework; name = Foundation.framework; path = System/Library/Frameworks/Foundation.framework; sourceTree = SDKROOT; };
		B970056D202558C40095A3B4 /* CoreTelephony.framework */ = {isa = PBXFileReference; lastKnownFileType = wrapper.framework; name = CoreTelephony.framework; path = System/Library/Frameworks/CoreTelephony.framework; sourceTree = SDKROOT; };
		B970056F202558CD0095A3B4 /* AudioToolbox.framework */ = {isa = PBXFileReference; lastKnownFileType = wrapper.framework; name = AudioToolbox.framework; path = System/Library/Frameworks/AudioToolbox.framework; sourceTree = SDKROOT; };
		B9700571202558D30095A3B4 /* UIKit.framework */ = {isa = PBXFileReference; lastKnownFileType = wrapper.framework; name = UIKit.framework; path = System/Library/Frameworks/UIKit.framework; sourceTree = SDKROOT; };
		B9700573202558DA0095A3B4 /* CoreLocation.framework */ = {isa = PBXFileReference; lastKnownFileType = wrapper.framework; name = CoreLocation.framework; path = System/Library/Frameworks/CoreLocation.framework; sourceTree = SDKROOT; };
		B9700575202558E10095A3B4 /* Contacts.framework */ = {isa = PBXFileReference; lastKnownFileType = wrapper.framework; name = Contacts.framework; path = System/Library/Frameworks/Contacts.framework; sourceTree = SDKROOT; };
		B9700577202558ED0095A3B4 /* AddressBook.framework */ = {isa = PBXFileReference; lastKnownFileType = wrapper.framework; name = AddressBook.framework; path = System/Library/Frameworks/AddressBook.framework; sourceTree = SDKROOT; };
		B9700579202558F40095A3B4 /* QuartzCore.framework */ = {isa = PBXFileReference; lastKnownFileType = wrapper.framework; name = QuartzCore.framework; path = System/Library/Frameworks/QuartzCore.framework; sourceTree = SDKROOT; };
		B970057B202558FB0095A3B4 /* CoreGraphics.framework */ = {isa = PBXFileReference; lastKnownFileType = wrapper.framework; name = CoreGraphics.framework; path = System/Library/Frameworks/CoreGraphics.framework; sourceTree = SDKROOT; };
		B970057D202559020095A3B4 /* libc++.tbd */ = {isa = PBXFileReference; lastKnownFileType = "sourcecode.text-based-dylib-definition"; name = "libc++.tbd"; path = "usr/lib/libc++.tbd"; sourceTree = SDKROOT; };
		B970057F202559090095A3B4 /* libicucore.tbd */ = {isa = PBXFileReference; lastKnownFileType = "sourcecode.text-based-dylib-definition"; name = libicucore.tbd; path = usr/lib/libicucore.tbd; sourceTree = SDKROOT; };
		B9700582202561420095A3B4 /* IATConfig.h */ = {isa = PBXFileReference; fileEncoding = 4; lastKnownFileType = sourcecode.c.h; path = IATConfig.h; sourceTree = "<group>"; };
		B9700583202561420095A3B4 /* IATConfig.m */ = {isa = PBXFileReference; fileEncoding = 4; lastKnownFileType = sourcecode.c.objc; path = IATConfig.m; sourceTree = "<group>"; };
		B9700586202561420095A3B4 /* ISRDataHelper.h */ = {isa = PBXFileReference; fileEncoding = 4; lastKnownFileType = sourcecode.c.h; path = ISRDataHelper.h; sourceTree = "<group>"; };
		B9700587202561420095A3B4 /* ISRDataHelper.m */ = {isa = PBXFileReference; fileEncoding = 4; lastKnownFileType = sourcecode.c.objc; path = ISRDataHelper.m; sourceTree = "<group>"; };
		B970058C202565270095A3B4 /* AudioRecoder.h */ = {isa = PBXFileReference; fileEncoding = 4; lastKnownFileType = sourcecode.c.h; path = AudioRecoder.h; sourceTree = "<group>"; };
		B970058D202565270095A3B4 /* AudioRecoder.m */ = {isa = PBXFileReference; fileEncoding = 4; lastKnownFileType = sourcecode.c.objc; path = AudioRecoder.m; sourceTree = "<group>"; };
		B97005A42029738D0095A3B4 /* example_online.pcm */ = {isa = PBXFileReference; lastKnownFileType = file; name = example_online.pcm; path = "../../../../../../Downloads/RawAudioDataPlayer-master/example_online.pcm"; sourceTree = "<group>"; };
		B97005A6202974EE0095A3B4 /* ABC.pcm */ = {isa = PBXFileReference; lastKnownFileType = file; name = ABC.pcm; path = ../../../../../ABC.pcm; sourceTree = "<group>"; };
		B97005B0202ACA7D0095A3B4 /* avc_decoder_sample.h */ = {isa = PBXFileReference; fileEncoding = 4; lastKnownFileType = sourcecode.c.h; path = avc_decoder_sample.h; sourceTree = "<group>"; };
		B97005B1202ACA7D0095A3B4 /* libAVC_Decoder.a */ = {isa = PBXFileReference; lastKnownFileType = archive.ar; path = libAVC_Decoder.a; sourceTree = "<group>"; };
		B97005B3202ACBC20095A3B4 /* 1_8_AVC_UT.enc */ = {isa = PBXFileReference; lastKnownFileType = file; name = 1_8_AVC_UT.enc; path = ../../../../../../Downloads/iOS_AVC_Decoder_v1.0.0/AVC_Decoder_Sample/AVC_Decoder_Sample/1_8_AVC_UT.enc; sourceTree = "<group>"; };
		B97005B5202AD7750095A3B4 /* PCMPlayer.h */ = {isa = PBXFileReference; lastKnownFileType = sourcecode.c.h; path = PCMPlayer.h; sourceTree = "<group>"; };
		B97005B6202AD7750095A3B4 /* PCMPlayer.m */ = {isa = PBXFileReference; lastKnownFileType = sourcecode.c.objc; path = PCMPlayer.m; sourceTree = "<group>"; };
		B97005B8202AEB410095A3B4 /* AVCDecoder.h */ = {isa = PBXFileReference; lastKnownFileType = sourcecode.c.h; path = AVCDecoder.h; sourceTree = "<group>"; };
		B97005B9202AEB410095A3B4 /* AVCDecoder.m */ = {isa = PBXFileReference; lastKnownFileType = sourcecode.c.objc; path = AVCDecoder.m; sourceTree = "<group>"; };
		B97005BB202AEF770095A3B4 /* QCYDeviceProtocol.h */ = {isa = PBXFileReference; lastKnownFileType = sourcecode.c.h; path = QCYDeviceProtocol.h; sourceTree = "<group>"; };
		B9810763201811AC00911167 /* TranslateDemo.app */ = {isa = PBXFileReference; explicitFileType = wrapper.application; includeInIndex = 0; path = TranslateDemo.app; sourceTree = BUILT_PRODUCTS_DIR; };
		B9810766201811AC00911167 /* AppDelegate.h */ = {isa = PBXFileReference; lastKnownFileType = sourcecode.c.h; path = AppDelegate.h; sourceTree = "<group>"; };
		B9810767201811AC00911167 /* AppDelegate.m */ = {isa = PBXFileReference; lastKnownFileType = sourcecode.c.objc; path = AppDelegate.m; sourceTree = "<group>"; };
		B9810769201811AC00911167 /* ViewController.h */ = {isa = PBXFileReference; lastKnownFileType = sourcecode.c.h; path = ViewController.h; sourceTree = "<group>"; };
		B981076A201811AC00911167 /* ViewController.m */ = {isa = PBXFileReference; lastKnownFileType = sourcecode.c.objc; path = ViewController.m; sourceTree = "<group>"; };
		B981076D201811AC00911167 /* Base */ = {isa = PBXFileReference; lastKnownFileType = file.storyboard; name = Base; path = Base.lproj/Main.storyboard; sourceTree = "<group>"; };
		B9810770201811AC00911167 /* TranslateDemo.xcdatamodel */ = {isa = PBXFileReference; lastKnownFileType = wrapper.xcdatamodel; path = TranslateDemo.xcdatamodel; sourceTree = "<group>"; };
		B9810772201811AC00911167 /* Assets.xcassets */ = {isa = PBXFileReference; lastKnownFileType = folder.assetcatalog; path = Assets.xcassets; sourceTree = "<group>"; };
		B9810775201811AC00911167 /* Base */ = {isa = PBXFileReference; lastKnownFileType = file.storyboard; name = Base; path = Base.lproj/LaunchScreen.storyboard; sourceTree = "<group>"; };
		B9810777201811AD00911167 /* Info.plist */ = {isa = PBXFileReference; lastKnownFileType = text.plist.xml; path = Info.plist; sourceTree = "<group>"; };
		B9810778201811AD00911167 /* main.m */ = {isa = PBXFileReference; lastKnownFileType = sourcecode.c.objc; path = main.m; sourceTree = "<group>"; };
		B981078020181A8900911167 /* BLESearchViewController.m */ = {isa = PBXFileReference; fileEncoding = 4; lastKnownFileType = sourcecode.c.objc; path = BLESearchViewController.m; sourceTree = "<group>"; };
		B981078120181A8900911167 /* BLESearchViewController.h */ = {isa = PBXFileReference; fileEncoding = 4; lastKnownFileType = sourcecode.c.h; path = BLESearchViewController.h; sourceTree = "<group>"; };
		CC858E65D7CA4461EFA311AA /* Pods-TranslateDemo.debug.xcconfig */ = {isa = PBXFileReference; includeInIndex = 1; lastKnownFileType = text.xcconfig; name = "Pods-TranslateDemo.debug.xcconfig"; path = "Pods/Target Support Files/Pods-TranslateDemo/Pods-TranslateDemo.debug.xcconfig"; sourceTree = "<group>"; };
		F0D9D9040C23268E337A7588 /* Pods-TranslateDemo.release.xcconfig */ = {isa = PBXFileReference; includeInIndex = 1; lastKnownFileType = text.xcconfig; name = "Pods-TranslateDemo.release.xcconfig"; path = "Pods/Target Support Files/Pods-TranslateDemo/Pods-TranslateDemo.release.xcconfig"; sourceTree = "<group>"; };
/* End PBXFileReference section */

/* Begin PBXFrameworksBuildPhase section */
		B9810760201811AC00911167 /* Frameworks */ = {
			isa = PBXFrameworksBuildPhase;
			buildActionMask = 2147483647;
			files = (
				B9700580202559090095A3B4 /* libicucore.tbd in Frameworks */,
				B970057E202559020095A3B4 /* libc++.tbd in Frameworks */,
				B970057C202558FB0095A3B4 /* CoreGraphics.framework in Frameworks */,
				B970057A202558F40095A3B4 /* QuartzCore.framework in Frameworks */,
				B9700578202558ED0095A3B4 /* AddressBook.framework in Frameworks */,
				B9700576202558E10095A3B4 /* Contacts.framework in Frameworks */,
				B9700574202558DA0095A3B4 /* CoreLocation.framework in Frameworks */,
				B9700572202558D40095A3B4 /* UIKit.framework in Frameworks */,
				B9700570202558CD0095A3B4 /* AudioToolbox.framework in Frameworks */,
				B970056E202558C40095A3B4 /* CoreTelephony.framework in Frameworks */,
				B970056C202558B50095A3B4 /* Foundation.framework in Frameworks */,
				B970056A202558AC0095A3B4 /* SystemConfiguration.framework in Frameworks */,
				B97005682025589B0095A3B4 /* AVFoundation.framework in Frameworks */,
				B9700566202558900095A3B4 /* libz.tbd in Frameworks */,
				B97005B2202ACA7D0095A3B4 /* libAVC_Decoder.a in Frameworks */,
				B97005642025584D0095A3B4 /* iflyMSC.framework in Frameworks */,
				A525DFFD405F107B16F19C59 /* libPods-TranslateDemo.a in Frameworks */,
			);
			runOnlyForDeploymentPostprocessing = 0;
		};
/* End PBXFrameworksBuildPhase section */

/* Begin PBXGroup section */
		B925659E2018339B00725305 /* Module */ = {
			isa = PBXGroup;
			children = (
				B970058B202565270095A3B4 /* audio */,
				B925659F201833CD00725305 /* QCYBle.h */,
				B92565A0201833CD00725305 /* QCYBle.m */,
				B92565A220183C4400725305 /* QCYEarphone.h */,
				B92565A320183C4400725305 /* QCYEarphone.m */,
				B97005BB202AEF770095A3B4 /* QCYDeviceProtocol.h */,
			);
			path = Module;
			sourceTree = "<group>";
		};
		B97005622025584D0095A3B4 /* lib */ = {
			isa = PBXGroup;
			children = (
				B97005AE202ACA7D0095A3B4 /* avcdecoder */,
				B97005632025584D0095A3B4 /* iflyMSC.framework */,
			);
			path = lib;
			sourceTree = "<group>";
		};
		B9700581202561420095A3B4 /* config */ = {
			isa = PBXGroup;
			children = (
				B9700582202561420095A3B4 /* IATConfig.h */,
				B9700583202561420095A3B4 /* IATConfig.m */,
				B9700586202561420095A3B4 /* ISRDataHelper.h */,
				B9700587202561420095A3B4 /* ISRDataHelper.m */,
			);
			path = config;
			sourceTree = "<group>";
		};
		B970058B202565270095A3B4 /* audio */ = {
			isa = PBXGroup;
			children = (
				B970058C202565270095A3B4 /* AudioRecoder.h */,
				B970058D202565270095A3B4 /* AudioRecoder.m */,
				B97005B5202AD7750095A3B4 /* PCMPlayer.h */,
				B97005B6202AD7750095A3B4 /* PCMPlayer.m */,
				B97005B8202AEB410095A3B4 /* AVCDecoder.h */,
				B97005B9202AEB410095A3B4 /* AVCDecoder.m */,
			);
			path = audio;
			sourceTree = "<group>";
		};
		B97005AE202ACA7D0095A3B4 /* avcdecoder */ = {
			isa = PBXGroup;
			children = (
				B97005AF202ACA7D0095A3B4 /* inc */,
				B97005B1202ACA7D0095A3B4 /* libAVC_Decoder.a */,
			);
			path = avcdecoder;
			sourceTree = "<group>";
		};
		B97005AF202ACA7D0095A3B4 /* inc */ = {
			isa = PBXGroup;
			children = (
				B97005B0202ACA7D0095A3B4 /* avc_decoder_sample.h */,
			);
			path = inc;
			sourceTree = "<group>";
		};
		B981075A201811AC00911167 = {
			isa = PBXGroup;
			children = (
				B9810765201811AC00911167 /* TranslateDemo */,
				B9810764201811AC00911167 /* Products */,
				E8817B52DD95B24C86A20518 /* Pods */,
				DCD0153FDEEDF96221937071 /* Frameworks */,
			);
			sourceTree = "<group>";
		};
		B9810764201811AC00911167 /* Products */ = {
			isa = PBXGroup;
			children = (
				B9810763201811AC00911167 /* TranslateDemo.app */,
			);
			name = Products;
			sourceTree = "<group>";
		};
		B9810765201811AC00911167 /* TranslateDemo */ = {
			isa = PBXGroup;
			children = (
				B9700581202561420095A3B4 /* config */,
				B97005622025584D0095A3B4 /* lib */,
				B925659E2018339B00725305 /* Module */,
				B981077F20181A2300911167 /* Controller */,
				B9810766201811AC00911167 /* AppDelegate.h */,
				B9810767201811AC00911167 /* AppDelegate.m */,
				B981076C201811AC00911167 /* Main.storyboard */,
				B9810772201811AC00911167 /* Assets.xcassets */,
				B9810774201811AC00911167 /* LaunchScreen.storyboard */,
				B9810777201811AD00911167 /* Info.plist */,
				B9810778201811AD00911167 /* main.m */,
				B981076F201811AC00911167 /* TranslateDemo.xcdatamodeld */,
			);
			path = TranslateDemo;
			sourceTree = "<group>";
		};
		B981077F20181A2300911167 /* Controller */ = {
			isa = PBXGroup;
			children = (
				B981078120181A8900911167 /* BLESearchViewController.h */,
				B981078020181A8900911167 /* BLESearchViewController.m */,
				B9810769201811AC00911167 /* ViewController.h */,
				B981076A201811AC00911167 /* ViewController.m */,
				B97005A42029738D0095A3B4 /* example_online.pcm */,
				B97005A6202974EE0095A3B4 /* ABC.pcm */,
				B97005B3202ACBC20095A3B4 /* 1_8_AVC_UT.enc */,
			);
			path = Controller;
			sourceTree = "<group>";
		};
		DCD0153FDEEDF96221937071 /* Frameworks */ = {
			isa = PBXGroup;
			children = (
				B970057F202559090095A3B4 /* libicucore.tbd */,
				B970057D202559020095A3B4 /* libc++.tbd */,
				B970057B202558FB0095A3B4 /* CoreGraphics.framework */,
				B9700579202558F40095A3B4 /* QuartzCore.framework */,
				B9700577202558ED0095A3B4 /* AddressBook.framework */,
				B9700575202558E10095A3B4 /* Contacts.framework */,
				B9700573202558DA0095A3B4 /* CoreLocation.framework */,
				B9700571202558D30095A3B4 /* UIKit.framework */,
				B970056F202558CD0095A3B4 /* AudioToolbox.framework */,
				B970056D202558C40095A3B4 /* CoreTelephony.framework */,
				B970056B202558B50095A3B4 /* Foundation.framework */,
				B9700569202558AC0095A3B4 /* SystemConfiguration.framework */,
				B97005672025589B0095A3B4 /* AVFoundation.framework */,
				B9700565202558900095A3B4 /* libz.tbd */,
				9F169CB46211404B4C63FBDD /* libPods-TranslateDemo.a */,
			);
			name = Frameworks;
			sourceTree = "<group>";
		};
		E8817B52DD95B24C86A20518 /* Pods */ = {
			isa = PBXGroup;
			children = (
				CC858E65D7CA4461EFA311AA /* Pods-TranslateDemo.debug.xcconfig */,
				F0D9D9040C23268E337A7588 /* Pods-TranslateDemo.release.xcconfig */,
			);
			name = Pods;
			sourceTree = "<group>";
		};
/* End PBXGroup section */

/* Begin PBXNativeTarget section */
		B9810762201811AC00911167 /* TranslateDemo */ = {
			isa = PBXNativeTarget;
			buildConfigurationList = B981077C201811AD00911167 /* Build configuration list for PBXNativeTarget "TranslateDemo" */;
			buildPhases = (
				E8F6D6391D99D4C9DF76FA66 /* [CP] Check Pods Manifest.lock */,
				B981075F201811AC00911167 /* Sources */,
				B9810760201811AC00911167 /* Frameworks */,
				B9810761201811AC00911167 /* Resources */,
				2CCEA6C1F38700AD7A9064A8 /* [CP] Embed Pods Frameworks */,
				5864886AAA60DA6A100AF09B /* [CP] Copy Pods Resources */,
			);
			buildRules = (
			);
			dependencies = (
			);
			name = TranslateDemo;
			productName = TranslateDemo;
			productReference = B9810763201811AC00911167 /* TranslateDemo.app */;
			productType = "com.apple.product-type.application";
		};
/* End PBXNativeTarget section */

/* Begin PBXProject section */
		B981075B201811AC00911167 /* Project object */ = {
			isa = PBXProject;
			attributes = {
				LastUpgradeCheck = 0910;
				ORGANIZATIONNAME = com.qcymail;
				TargetAttributes = {
					B9810762201811AC00911167 = {
						CreatedOnToolsVersion = 9.1;
						ProvisioningStyle = Automatic;
					};
				};
			};
			buildConfigurationList = B981075E201811AC00911167 /* Build configuration list for PBXProject "TranslateDemo" */;
			compatibilityVersion = "Xcode 8.0";
			developmentRegion = en;
			hasScannedForEncodings = 0;
			knownRegions = (
				en,
				Base,
			);
			mainGroup = B981075A201811AC00911167;
			productRefGroup = B9810764201811AC00911167 /* Products */;
			projectDirPath = "";
			projectRoot = "";
			targets = (
				B9810762201811AC00911167 /* TranslateDemo */,
			);
		};
/* End PBXProject section */

/* Begin PBXResourcesBuildPhase section */
		B9810761201811AC00911167 /* Resources */ = {
			isa = PBXResourcesBuildPhase;
			buildActionMask = 2147483647;
			files = (
				B97005A52029738D0095A3B4 /* example_online.pcm in Resources */,
				B9810776201811AC00911167 /* LaunchScreen.storyboard in Resources */,
				B9810773201811AC00911167 /* Assets.xcassets in Resources */,
				B97005A7202974EF0095A3B4 /* ABC.pcm in Resources */,
				B981076E201811AC00911167 /* Main.storyboard in Resources */,
				B97005B4202ACBC20095A3B4 /* 1_8_AVC_UT.enc in Resources */,
			);
			runOnlyForDeploymentPostprocessing = 0;
		};
/* End PBXResourcesBuildPhase section */

/* Begin PBXShellScriptBuildPhase section */
		2CCEA6C1F38700AD7A9064A8 /* [CP] Embed Pods Frameworks */ = {
			isa = PBXShellScriptBuildPhase;
			buildActionMask = 2147483647;
			files = (
			);
			inputPaths = (
			);
			name = "[CP] Embed Pods Frameworks";
			outputPaths = (
			);
			runOnlyForDeploymentPostprocessing = 0;
			shellPath = /bin/sh;
			shellScript = "\"${SRCROOT}/Pods/Target Support Files/Pods-TranslateDemo/Pods-TranslateDemo-frameworks.sh\"\n";
			showEnvVarsInLog = 0;
		};
		5864886AAA60DA6A100AF09B /* [CP] Copy Pods Resources */ = {
			isa = PBXShellScriptBuildPhase;
			buildActionMask = 2147483647;
			files = (
			);
			inputPaths = (
			);
			name = "[CP] Copy Pods Resources";
			outputPaths = (
			);
			runOnlyForDeploymentPostprocessing = 0;
			shellPath = /bin/sh;
			shellScript = "\"${SRCROOT}/Pods/Target Support Files/Pods-TranslateDemo/Pods-TranslateDemo-resources.sh\"\n";
			showEnvVarsInLog = 0;
		};
		E8F6D6391D99D4C9DF76FA66 /* [CP] Check Pods Manifest.lock */ = {
			isa = PBXShellScriptBuildPhase;
			buildActionMask = 2147483647;
			files = (
			);
			inputPaths = (
			);
			name = "[CP] Check Pods Manifest.lock";
			outputPaths = (
			);
			runOnlyForDeploymentPostprocessing = 0;
			shellPath = /bin/sh;
			shellScript = "diff \"${PODS_ROOT}/../Podfile.lock\" \"${PODS_ROOT}/Manifest.lock\" > /dev/null\nif [ $? != 0 ] ; then\n    # print error to STDERR\n    echo \"error: The sandbox is not in sync with the Podfile.lock. Run 'pod install' or update your CocoaPods installation.\" >&2\n    exit 1\nfi\n";
			showEnvVarsInLog = 0;
		};
/* End PBXShellScriptBuildPhase section */

/* Begin PBXSourcesBuildPhase section */
		B981075F201811AC00911167 /* Sources */ = {
			isa = PBXSourcesBuildPhase;
			buildActionMask = 2147483647;
			files = (
				B9810771201811AC00911167 /* TranslateDemo.xcdatamodeld in Sources */,
				B981076B201811AC00911167 /* ViewController.m in Sources */,
				B97005B7202AD7750095A3B4 /* PCMPlayer.m in Sources */,
				B9700588202561420095A3B4 /* IATConfig.m in Sources */,
				B981078220181A8900911167 /* BLESearchViewController.m in Sources */,
				B92565A1201833CD00725305 /* QCYBle.m in Sources */,
				B9810779201811AD00911167 /* main.m in Sources */,
				B97005BA202AEB420095A3B4 /* AVCDecoder.m in Sources */,
				B92565A420183C4400725305 /* QCYEarphone.m in Sources */,
				B970058E202565270095A3B4 /* AudioRecoder.m in Sources */,
				B970058A202561420095A3B4 /* ISRDataHelper.m in Sources */,
				B9810768201811AC00911167 /* AppDelegate.m in Sources */,
			);
			runOnlyForDeploymentPostprocessing = 0;
		};
/* End PBXSourcesBuildPhase section */

/* Begin PBXVariantGroup section */
		B981076C201811AC00911167 /* Main.storyboard */ = {
			isa = PBXVariantGroup;
			children = (
				B981076D201811AC00911167 /* Base */,
			);
			name = Main.storyboard;
			sourceTree = "<group>";
		};
		B9810774201811AC00911167 /* LaunchScreen.storyboard */ = {
			isa = PBXVariantGroup;
			children = (
				B9810775201811AC00911167 /* Base */,
			);
			name = LaunchScreen.storyboard;
			sourceTree = "<group>";
		};
/* End PBXVariantGroup section */

/* Begin XCBuildConfiguration section */
		B981077A201811AD00911167 /* Debug */ = {
			isa = XCBuildConfiguration;
			buildSettings = {
				ALWAYS_SEARCH_USER_PATHS = NO;
				CLANG_ANALYZER_NONNULL = YES;
				CLANG_ANALYZER_NUMBER_OBJECT_CONVERSION = YES_AGGRESSIVE;
				CLANG_CXX_LANGUAGE_STANDARD = "gnu++14";
				CLANG_CXX_LIBRARY = "libc++";
				CLANG_ENABLE_MODULES = YES;
				CLANG_ENABLE_OBJC_ARC = YES;
				CLANG_WARN_BLOCK_CAPTURE_AUTORELEASING = YES;
				CLANG_WARN_BOOL_CONVERSION = YES;
				CLANG_WARN_COMMA = YES;
				CLANG_WARN_CONSTANT_CONVERSION = YES;
				CLANG_WARN_DIRECT_OBJC_ISA_USAGE = YES_ERROR;
				CLANG_WARN_DOCUMENTATION_COMMENTS = YES;
				CLANG_WARN_EMPTY_BODY = YES;
				CLANG_WARN_ENUM_CONVERSION = YES;
				CLANG_WARN_INFINITE_RECURSION = YES;
				CLANG_WARN_INT_CONVERSION = YES;
				CLANG_WARN_NON_LITERAL_NULL_CONVERSION = YES;
				CLANG_WARN_OBJC_LITERAL_CONVERSION = YES;
				CLANG_WARN_OBJC_ROOT_CLASS = YES_ERROR;
				CLANG_WARN_RANGE_LOOP_ANALYSIS = YES;
				CLANG_WARN_STRICT_PROTOTYPES = YES;
				CLANG_WARN_SUSPICIOUS_MOVE = YES;
				CLANG_WARN_UNGUARDED_AVAILABILITY = YES_AGGRESSIVE;
				CLANG_WARN_UNREACHABLE_CODE = YES;
				CLANG_WARN__DUPLICATE_METHOD_MATCH = YES;
				CODE_SIGN_IDENTITY = "iPhone Developer";
				COPY_PHASE_STRIP = NO;
				DEBUG_INFORMATION_FORMAT = dwarf;
				ENABLE_STRICT_OBJC_MSGSEND = YES;
				ENABLE_TESTABILITY = YES;
				GCC_C_LANGUAGE_STANDARD = gnu11;
				GCC_DYNAMIC_NO_PIC = NO;
				GCC_NO_COMMON_BLOCKS = YES;
				GCC_OPTIMIZATION_LEVEL = 0;
				GCC_PREPROCESSOR_DEFINITIONS = (
					"DEBUG=1",
					"$(inherited)",
				);
				GCC_WARN_64_TO_32_BIT_CONVERSION = YES;
				GCC_WARN_ABOUT_RETURN_TYPE = YES_ERROR;
				GCC_WARN_UNDECLARED_SELECTOR = YES;
				GCC_WARN_UNINITIALIZED_AUTOS = YES_AGGRESSIVE;
				GCC_WARN_UNUSED_FUNCTION = YES;
				GCC_WARN_UNUSED_VARIABLE = YES;
				IPHONEOS_DEPLOYMENT_TARGET = 11.1;
				MTL_ENABLE_DEBUG_INFO = YES;
				ONLY_ACTIVE_ARCH = YES;
				SDKROOT = iphoneos;
			};
			name = Debug;
		};
		B981077B201811AD00911167 /* Release */ = {
			isa = XCBuildConfiguration;
			buildSettings = {
				ALWAYS_SEARCH_USER_PATHS = NO;
				CLANG_ANALYZER_NONNULL = YES;
				CLANG_ANALYZER_NUMBER_OBJECT_CONVERSION = YES_AGGRESSIVE;
				CLANG_CXX_LANGUAGE_STANDARD = "gnu++14";
				CLANG_CXX_LIBRARY = "libc++";
				CLANG_ENABLE_MODULES = YES;
				CLANG_ENABLE_OBJC_ARC = YES;
				CLANG_WARN_BLOCK_CAPTURE_AUTORELEASING = YES;
				CLANG_WARN_BOOL_CONVERSION = YES;
				CLANG_WARN_COMMA = YES;
				CLANG_WARN_CONSTANT_CONVERSION = YES;
				CLANG_WARN_DIRECT_OBJC_ISA_USAGE = YES_ERROR;
				CLANG_WARN_DOCUMENTATION_COMMENTS = YES;
				CLANG_WARN_EMPTY_BODY = YES;
				CLANG_WARN_ENUM_CONVERSION = YES;
				CLANG_WARN_INFINITE_RECURSION = YES;
				CLANG_WARN_INT_CONVERSION = YES;
				CLANG_WARN_NON_LITERAL_NULL_CONVERSION = YES;
				CLANG_WARN_OBJC_LITERAL_CONVERSION = YES;
				CLANG_WARN_OBJC_ROOT_CLASS = YES_ERROR;
				CLANG_WARN_RANGE_LOOP_ANALYSIS = YES;
				CLANG_WARN_STRICT_PROTOTYPES = YES;
				CLANG_WARN_SUSPICIOUS_MOVE = YES;
				CLANG_WARN_UNGUARDED_AVAILABILITY = YES_AGGRESSIVE;
				CLANG_WARN_UNREACHABLE_CODE = YES;
				CLANG_WARN__DUPLICATE_METHOD_MATCH = YES;
				CODE_SIGN_IDENTITY = "iPhone Developer";
				COPY_PHASE_STRIP = NO;
				DEBUG_INFORMATION_FORMAT = "dwarf-with-dsym";
				ENABLE_NS_ASSERTIONS = NO;
				ENABLE_STRICT_OBJC_MSGSEND = YES;
				GCC_C_LANGUAGE_STANDARD = gnu11;
				GCC_NO_COMMON_BLOCKS = YES;
				GCC_WARN_64_TO_32_BIT_CONVERSION = YES;
				GCC_WARN_ABOUT_RETURN_TYPE = YES_ERROR;
				GCC_WARN_UNDECLARED_SELECTOR = YES;
				GCC_WARN_UNINITIALIZED_AUTOS = YES_AGGRESSIVE;
				GCC_WARN_UNUSED_FUNCTION = YES;
				GCC_WARN_UNUSED_VARIABLE = YES;
				IPHONEOS_DEPLOYMENT_TARGET = 11.1;
				MTL_ENABLE_DEBUG_INFO = NO;
				SDKROOT = iphoneos;
				VALIDATE_PRODUCT = YES;
			};
			name = Release;
		};
		B981077D201811AD00911167 /* Debug */ = {
			isa = XCBuildConfiguration;
			baseConfigurationReference = CC858E65D7CA4461EFA311AA /* Pods-TranslateDemo.debug.xcconfig */;
			buildSettings = {
				ASSETCATALOG_COMPILER_APPICON_NAME = AppIcon;
				CODE_SIGN_STYLE = Automatic;
				DEVELOPMENT_TEAM = 8DD5ARBQ9E;
				ENABLE_BITCODE = NO;
				FRAMEWORK_SEARCH_PATHS = (
					"$(inherited)",
					"$(PROJECT_DIR)/TranslateDemo/lib",
				);
				HEADER_SEARCH_PATHS = (
					"$(inherited)",
					"\"${PODS_ROOT}/Headers/Public\"",
					"\"${PODS_ROOT}/Headers/Public/BabyBluetooth\"",
					"$(PROJECT_DIR)/TranslateDemo/lib/avcdecoder/inc",
				);
				INFOPLIST_FILE = TranslateDemo/Info.plist;
				LD_RUNPATH_SEARCH_PATHS = "$(inherited) @executable_path/Frameworks";
				LIBRARY_SEARCH_PATHS = (
					"$(inherited)",
					"$(PROJECT_DIR)/TranslateDemo/lib/avcdecoder",
				);
				PRODUCT_BUNDLE_IDENTIFIER = "--.TranslateDemo";
				PRODUCT_NAME = "$(TARGET_NAME)";
				TARGETED_DEVICE_FAMILY = "1,2";
			};
			name = Debug;
		};
		B981077E201811AD00911167 /* Release */ = {
			isa = XCBuildConfiguration;
			baseConfigurationReference = F0D9D9040C23268E337A7588 /* Pods-TranslateDemo.release.xcconfig */;
			buildSettings = {
				ASSETCATALOG_COMPILER_APPICON_NAME = AppIcon;
				CODE_SIGN_STYLE = Automatic;
				DEVELOPMENT_TEAM = 8DD5ARBQ9E;
				ENABLE_BITCODE = NO;
				FRAMEWORK_SEARCH_PATHS = (
					"$(inherited)",
					"$(PROJECT_DIR)/TranslateDemo/lib",
				);
				HEADER_SEARCH_PATHS = (
					"$(inherited)",
					"\"${PODS_ROOT}/Headers/Public\"",
					"\"${PODS_ROOT}/Headers/Public/BabyBluetooth\"",
					"$(PROJECT_DIR)/TranslateDemo/lib/avcdecoder/inc",
				);
				INFOPLIST_FILE = TranslateDemo/Info.plist;
				LD_RUNPATH_SEARCH_PATHS = "$(inherited) @executable_path/Frameworks";
				LIBRARY_SEARCH_PATHS = (
					"$(inherited)",
					"$(PROJECT_DIR)/TranslateDemo/lib/avcdecoder",
				);
				PRODUCT_BUNDLE_IDENTIFIER = "--.TranslateDemo";
				PRODUCT_NAME = "$(TARGET_NAME)";
				TARGETED_DEVICE_FAMILY = "1,2";
			};
			name = Release;
		};
/* End XCBuildConfiguration section */

/* Begin XCConfigurationList section */
		B981075E201811AC00911167 /* Build configuration list for PBXProject "TranslateDemo" */ = {
			isa = XCConfigurationList;
			buildConfigurations = (
				B981077A201811AD00911167 /* Debug */,
				B981077B201811AD00911167 /* Release */,
			);
			defaultConfigurationIsVisible = 0;
			defaultConfigurationName = Release;
		};
		B981077C201811AD00911167 /* Build configuration list for PBXNativeTarget "TranslateDemo" */ = {
			isa = XCConfigurationList;
			buildConfigurations = (
				B981077D201811AD00911167 /* Debug */,
				B981077E201811AD00911167 /* Release */,
			);
			defaultConfigurationIsVisible = 0;
			defaultConfigurationName = Release;
		};
/* End XCConfigurationList section */

/* Begin XCVersionGroup section */
		B981076F201811AC00911167 /* TranslateDemo.xcdatamodeld */ = {
			isa = XCVersionGroup;
			children = (
				B9810770201811AC00911167 /* TranslateDemo.xcdatamodel */,
			);
			currentVersion = B9810770201811AC00911167 /* TranslateDemo.xcdatamodel */;
			path = TranslateDemo.xcdatamodeld;
			sourceTree = "<group>";
			versionGroupType = wrapper.xcdatamodel;
		};
/* End XCVersionGroup section */
	};
	rootObject = B981075B201811AC00911167 /* Project object */;
}
